// !$*UTF8*$!
{
	archiveVersion = 1;
	classes = {
	};
	objectVersion = 77;
	objects = {

/* Begin PBXBuildFile section */
		1F4293112CF9EB54000CFA9E /* UIView+Extension.swift in Sources */ = {isa = PBXBuildFile; fileRef = 1F4293102CF9EB4C000CFA9E /* UIView+Extension.swift */; };
		1F4293152CF9F8C3000CFA9E /* DeFiUIModel.swift in Sources */ = {isa = PBXBuildFile; fileRef = 1F4293142CF9F8AA000CFA9E /* DeFiUIModel.swift */; };
		1F42931B2CF9F955000CFA9E /* OverviewViewController.swift in Sources */ = {isa = PBXBuildFile; fileRef = 1F42931A2CF9F955000CFA9E /* OverviewViewController.swift */; };
		1F42931E2CFCC7BD000CFA9E /* ChartMarker.swift in Sources */ = {isa = PBXBuildFile; fileRef = 1F42931D2CFCC7BD000CFA9E /* ChartMarker.swift */; };
		1F4293202CFDA9D9000CFA9E /* AppState.swift in Sources */ = {isa = PBXBuildFile; fileRef = 1F42931F2CFDA9D7000CFA9E /* AppState.swift */; };
		1F42932D2CFE4976000CFA9E /* MenuViewController.swift in Sources */ = {isa = PBXBuildFile; fileRef = 1F42932C2CFE4976000CFA9E /* MenuViewController.swift */; };
		1F4293322CFE64AE000CFA9E /* SlideRightPresenter.swift in Sources */ = {isa = PBXBuildFile; fileRef = 1F4293312CFE64A8000CFA9E /* SlideRightPresenter.swift */; };
		1F4293382D008CF1000CFA9E /* PoolsViewController.swift in Sources */ = {isa = PBXBuildFile; fileRef = 1F4293372D008CF1000CFA9E /* PoolsViewController.swift */; };
		1F42933E2D008D23000CFA9E /* TokensViewController.swift in Sources */ = {isa = PBXBuildFile; fileRef = 1F42933D2D008D23000CFA9E /* TokensViewController.swift */; };
		1F4293442D008D53000CFA9E /* BlockchainsViewController.swift in Sources */ = {isa = PBXBuildFile; fileRef = 1F4293432D008D53000CFA9E /* BlockchainsViewController.swift */; };
		1F4293462D008D90000CFA9E /* MenuViewModel.swift in Sources */ = {isa = PBXBuildFile; fileRef = 1F4293452D008D90000CFA9E /* MenuViewModel.swift */; };
		1F4293482D008DCC000CFA9E /* MenuUIModel.swift in Sources */ = {isa = PBXBuildFile; fileRef = 1F4293472D008DCC000CFA9E /* MenuUIModel.swift */; };
		1F42934A2D00AFC1000CFA9E /* UIImage+Extension.swift in Sources */ = {isa = PBXBuildFile; fileRef = 1F4293492D00AFB8000CFA9E /* UIImage+Extension.swift */; };
		1F42934C2D00D03E000CFA9E /* SocialUIModel.swift in Sources */ = {isa = PBXBuildFile; fileRef = 1F42934B2D00D03A000CFA9E /* SocialUIModel.swift */; };
		1F42934F2D00F50D000CFA9E /* NavigationController.swift in Sources */ = {isa = PBXBuildFile; fileRef = 1F42934E2D00F50D000CFA9E /* NavigationController.swift */; };
		1F4293512D00FA66000CFA9E /* FadeTransition.swift in Sources */ = {isa = PBXBuildFile; fileRef = 1F4293502D00FA61000CFA9E /* FadeTransition.swift */; };
		1F4293552D0173DB000CFA9E /* CustomTransitionViewController.swift in Sources */ = {isa = PBXBuildFile; fileRef = 1F4293542D0173DB000CFA9E /* CustomTransitionViewController.swift */; };
		1F4CCAFA2D02A283003F9D99 /* RootViewController.swift in Sources */ = {isa = PBXBuildFile; fileRef = 1F4CCAF92D02A283003F9D99 /* RootViewController.swift */; };
		1F60925D2D0F0585001CCE43 /* TokensDTOModel.swift in Sources */ = {isa = PBXBuildFile; fileRef = 1F60925C2D0F0580001CCE43 /* TokensDTOModel.swift */; };
		1F60925F2D0F058C001CCE43 /* TokensUIModel.swift in Sources */ = {isa = PBXBuildFile; fileRef = 1F60925E2D0F0589001CCE43 /* TokensUIModel.swift */; };
		1F6092622D0F0C2E001CCE43 /* TokenCell.swift in Sources */ = {isa = PBXBuildFile; fileRef = 1F6092612D0F0C2B001CCE43 /* TokenCell.swift */; };
		1F6092642D0F1276001CCE43 /* BlockchainsDTOModel.swift in Sources */ = {isa = PBXBuildFile; fileRef = 1F6092632D0F126D001CCE43 /* BlockchainsDTOModel.swift */; };
		1F6092662D0F12C8001CCE43 /* BlockchainsUIModel.swift in Sources */ = {isa = PBXBuildFile; fileRef = 1F6092652D0F12C3001CCE43 /* BlockchainsUIModel.swift */; };
		1F6092692D0F13E4001CCE43 /* BlockchainCell.swift in Sources */ = {isa = PBXBuildFile; fileRef = 1F6092682D0F13E1001CCE43 /* BlockchainCell.swift */; };
		1F60926F2D0F2CC3001CCE43 /* MetricsViewController.swift in Sources */ = {isa = PBXBuildFile; fileRef = 1F60926E2D0F2CC3001CCE43 /* MetricsViewController.swift */; };
		1F6092722D102533001CCE43 /* MetricsCardView.swift in Sources */ = {isa = PBXBuildFile; fileRef = 1F6092712D102533001CCE43 /* MetricsCardView.swift */; };
		1F6092752D104473001CCE43 /* DGCharts in Frameworks */ = {isa = PBXBuildFile; productRef = 1F6092742D104473001CCE43 /* DGCharts */; };
		1F6092782D10457E001CCE43 /* MetricsChart.swift in Sources */ = {isa = PBXBuildFile; fileRef = 1F6092772D10457E001CCE43 /* MetricsChart.swift */; };
		1F60927D2D109466001CCE43 /* LineChart.swift in Sources */ = {isa = PBXBuildFile; fileRef = 1F60927C2D109466001CCE43 /* LineChart.swift */; };
		1FB9E5D42D09B9C100128526 /* Helpers.swift in Sources */ = {isa = PBXBuildFile; fileRef = 1FB9E5D32D09B9BA00128526 /* Helpers.swift */; };
		1FB9E5D62D09BC8E00128526 /* PoolsUIModel.swift in Sources */ = {isa = PBXBuildFile; fileRef = 1FB9E5D52D09BC8800128526 /* PoolsUIModel.swift */; };
		1FB9E5D92D0AB2A400128526 /* PoolCell.swift in Sources */ = {isa = PBXBuildFile; fileRef = 1FB9E5D82D0AB2A400128526 /* PoolCell.swift */; };
		1FB9E5DB2D0AC62200128526 /* PoolsDTOModel.swift in Sources */ = {isa = PBXBuildFile; fileRef = 1FB9E5DA2D0AC61C00128526 /* PoolsDTOModel.swift */; };
		1FB9E5DD2D0AF02000128526 /* UICollectionViewCell+Extensions.swift in Sources */ = {isa = PBXBuildFile; fileRef = 1FB9E5DC2D0AF01900128526 /* UICollectionViewCell+Extensions.swift */; };
		1FB9E5DF2D0C393200128526 /* UILabel+Extensions.swift in Sources */ = {isa = PBXBuildFile; fileRef = 1FB9E5DE2D0C392900128526 /* UILabel+Extensions.swift */; };
		1FBDD1E22CF71CAF00223819 /* Assets.xcassets in Resources */ = {isa = PBXBuildFile; fileRef = 1FBDD1D92CF71CAF00223819 /* Assets.xcassets */; };
		1FBDD1E42CF71CAF00223819 /* LaunchScreen.storyboard in Resources */ = {isa = PBXBuildFile; fileRef = 1FBDD1DC2CF71CAF00223819 /* LaunchScreen.storyboard */; };
		1FBDD1E62CF71CAF00223819 /* AppDelegate.swift in Sources */ = {isa = PBXBuildFile; fileRef = 1FBDD1D82CF71CAF00223819 /* AppDelegate.swift */; };
		1FBDD1E72CF71CAF00223819 /* SceneDelegate.swift in Sources */ = {isa = PBXBuildFile; fileRef = 1FBDD1DF2CF71CAF00223819 /* SceneDelegate.swift */; };
		1FBDD1E82CF71CAF00223819 /* DeFiViewController.swift in Sources */ = {isa = PBXBuildFile; fileRef = 1FBDD1E02CF71CAF00223819 /* DeFiViewController.swift */; };
		1FBDD1F22CF71E8400223819 /* Data+Extension.swift in Sources */ = {isa = PBXBuildFile; fileRef = 1FBDD1F12CF71E8100223819 /* Data+Extension.swift */; };
		1FBDD1F72CF71EE000223819 /* BaseViewController.swift in Sources */ = {isa = PBXBuildFile; fileRef = 1FBDD1F62CF71EE000223819 /* BaseViewController.swift */; };
		1FBDD1FA2CF72AAB00223819 /* SDWebImage in Frameworks */ = {isa = PBXBuildFile; productRef = 1FBDD1F92CF72AAB00223819 /* SDWebImage */; };
		1FBDD2052CF76BA300223819 /* geist-sans-latin-600-normal.ttf in Resources */ = {isa = PBXBuildFile; fileRef = 1FBDD2012CF76BA300223819 /* geist-sans-latin-600-normal.ttf */; };
		1FBDD2062CF76BA300223819 /* geist-sans-latin-700-normal.ttf in Resources */ = {isa = PBXBuildFile; fileRef = 1FBDD2022CF76BA300223819 /* geist-sans-latin-700-normal.ttf */; };
		1FBDD2072CF76BA300223819 /* geist-sans-latin-500-normal.ttf in Resources */ = {isa = PBXBuildFile; fileRef = 1FBDD2002CF76BA300223819 /* geist-sans-latin-500-normal.ttf */; };
		1FBDD2082CF76BA300223819 /* geist-sans-latin-200-normal.ttf in Resources */ = {isa = PBXBuildFile; fileRef = 1FBDD1FD2CF76BA300223819 /* geist-sans-latin-200-normal.ttf */; };
		1FBDD2092CF76BA300223819 /* geist-sans-latin-100-normal.ttf in Resources */ = {isa = PBXBuildFile; fileRef = 1FBDD1FC2CF76BA300223819 /* geist-sans-latin-100-normal.ttf */; };
		1FBDD20A2CF76BA300223819 /* geist-sans-latin-300-normal.ttf in Resources */ = {isa = PBXBuildFile; fileRef = 1FBDD1FE2CF76BA300223819 /* geist-sans-latin-300-normal.ttf */; };
		1FBDD20B2CF76BA300223819 /* geist-sans-latin-400-normal.ttf in Resources */ = {isa = PBXBuildFile; fileRef = 1FBDD1FF2CF76BA300223819 /* geist-sans-latin-400-normal.ttf */; };
		1FBDD20C2CF76BA300223819 /* geist-sans-latin-800-normal.ttf in Resources */ = {isa = PBXBuildFile; fileRef = 1FBDD2032CF76BA300223819 /* geist-sans-latin-800-normal.ttf */; };
		1FBDD20D2CF76BA300223819 /* geist-sans-latin-900-normal.ttf in Resources */ = {isa = PBXBuildFile; fileRef = 1FBDD2042CF76BA300223819 /* geist-sans-latin-900-normal.ttf */; };
		1FBDD21A2CF8903500223819 /* DeFiItemViewController.swift in Sources */ = {isa = PBXBuildFile; fileRef = 1FBDD2192CF8903500223819 /* DeFiItemViewController.swift */; };
		1FBDD21C2CF894A700223819 /* DeFiViewModel.swift in Sources */ = {isa = PBXBuildFile; fileRef = 1FBDD21B2CF894A300223819 /* DeFiViewModel.swift */; };
/* End PBXBuildFile section */

/* Begin PBXFileReference section */
		1F4293102CF9EB4C000CFA9E /* UIView+Extension.swift */ = {isa = PBXFileReference; lastKnownFileType = sourcecode.swift; path = "UIView+Extension.swift"; sourceTree = "<group>"; };
		1F4293142CF9F8AA000CFA9E /* DeFiUIModel.swift */ = {isa = PBXFileReference; lastKnownFileType = sourcecode.swift; path = DeFiUIModel.swift; sourceTree = "<group>"; };
		1F42931A2CF9F955000CFA9E /* OverviewViewController.swift */ = {isa = PBXFileReference; lastKnownFileType = sourcecode.swift; path = OverviewViewController.swift; sourceTree = "<group>"; };
		1F42931D2CFCC7BD000CFA9E /* ChartMarker.swift */ = {isa = PBXFileReference; lastKnownFileType = sourcecode.swift; path = ChartMarker.swift; sourceTree = "<group>"; };
		1F42931F2CFDA9D7000CFA9E /* AppState.swift */ = {isa = PBXFileReference; lastKnownFileType = sourcecode.swift; path = AppState.swift; sourceTree = "<group>"; };
		1F42932C2CFE4976000CFA9E /* MenuViewController.swift */ = {isa = PBXFileReference; lastKnownFileType = sourcecode.swift; path = MenuViewController.swift; sourceTree = "<group>"; };
		1F4293312CFE64A8000CFA9E /* SlideRightPresenter.swift */ = {isa = PBXFileReference; lastKnownFileType = sourcecode.swift; path = SlideRightPresenter.swift; sourceTree = "<group>"; };
		1F4293372D008CF1000CFA9E /* PoolsViewController.swift */ = {isa = PBXFileReference; lastKnownFileType = sourcecode.swift; path = PoolsViewController.swift; sourceTree = "<group>"; };
		1F42933D2D008D23000CFA9E /* TokensViewController.swift */ = {isa = PBXFileReference; lastKnownFileType = sourcecode.swift; path = TokensViewController.swift; sourceTree = "<group>"; };
		1F4293432D008D53000CFA9E /* BlockchainsViewController.swift */ = {isa = PBXFileReference; lastKnownFileType = sourcecode.swift; path = BlockchainsViewController.swift; sourceTree = "<group>"; };
		1F4293452D008D90000CFA9E /* MenuViewModel.swift */ = {isa = PBXFileReference; lastKnownFileType = sourcecode.swift; path = MenuViewModel.swift; sourceTree = "<group>"; };
		1F4293472D008DCC000CFA9E /* MenuUIModel.swift */ = {isa = PBXFileReference; lastKnownFileType = sourcecode.swift; path = MenuUIModel.swift; sourceTree = "<group>"; };
		1F4293492D00AFB8000CFA9E /* UIImage+Extension.swift */ = {isa = PBXFileReference; lastKnownFileType = sourcecode.swift; path = "UIImage+Extension.swift"; sourceTree = "<group>"; };
		1F42934B2D00D03A000CFA9E /* SocialUIModel.swift */ = {isa = PBXFileReference; lastKnownFileType = sourcecode.swift; path = SocialUIModel.swift; sourceTree = "<group>"; };
		1F42934E2D00F50D000CFA9E /* NavigationController.swift */ = {isa = PBXFileReference; lastKnownFileType = sourcecode.swift; path = NavigationController.swift; sourceTree = "<group>"; };
		1F4293502D00FA61000CFA9E /* FadeTransition.swift */ = {isa = PBXFileReference; lastKnownFileType = sourcecode.swift; path = FadeTransition.swift; sourceTree = "<group>"; };
		1F4293542D0173DB000CFA9E /* CustomTransitionViewController.swift */ = {isa = PBXFileReference; lastKnownFileType = sourcecode.swift; path = CustomTransitionViewController.swift; sourceTree = "<group>"; };
		1F4CCAF92D02A283003F9D99 /* RootViewController.swift */ = {isa = PBXFileReference; lastKnownFileType = sourcecode.swift; path = RootViewController.swift; sourceTree = "<group>"; };
		1F60925C2D0F0580001CCE43 /* TokensDTOModel.swift */ = {isa = PBXFileReference; lastKnownFileType = sourcecode.swift; path = TokensDTOModel.swift; sourceTree = "<group>"; };
		1F60925E2D0F0589001CCE43 /* TokensUIModel.swift */ = {isa = PBXFileReference; lastKnownFileType = sourcecode.swift; path = TokensUIModel.swift; sourceTree = "<group>"; };
		1F6092612D0F0C2B001CCE43 /* TokenCell.swift */ = {isa = PBXFileReference; lastKnownFileType = sourcecode.swift; path = TokenCell.swift; sourceTree = "<group>"; };
		1F6092632D0F126D001CCE43 /* BlockchainsDTOModel.swift */ = {isa = PBXFileReference; lastKnownFileType = sourcecode.swift; path = BlockchainsDTOModel.swift; sourceTree = "<group>"; };
		1F6092652D0F12C3001CCE43 /* BlockchainsUIModel.swift */ = {isa = PBXFileReference; lastKnownFileType = sourcecode.swift; path = BlockchainsUIModel.swift; sourceTree = "<group>"; };
		1F6092682D0F13E1001CCE43 /* BlockchainCell.swift */ = {isa = PBXFileReference; lastKnownFileType = sourcecode.swift; path = BlockchainCell.swift; sourceTree = "<group>"; };
		1F60926E2D0F2CC3001CCE43 /* MetricsViewController.swift */ = {isa = PBXFileReference; lastKnownFileType = sourcecode.swift; path = MetricsViewController.swift; sourceTree = "<group>"; };
		1F6092712D102533001CCE43 /* MetricsCardView.swift */ = {isa = PBXFileReference; lastKnownFileType = sourcecode.swift; path = MetricsCardView.swift; sourceTree = "<group>"; };
		1F6092772D10457E001CCE43 /* MetricsChart.swift */ = {isa = PBXFileReference; lastKnownFileType = sourcecode.swift; path = MetricsChart.swift; sourceTree = "<group>"; };
		1F60927C2D109466001CCE43 /* LineChart.swift */ = {isa = PBXFileReference; lastKnownFileType = sourcecode.swift; path = LineChart.swift; sourceTree = "<group>"; };
		1FB9E5D32D09B9BA00128526 /* Helpers.swift */ = {isa = PBXFileReference; lastKnownFileType = sourcecode.swift; path = Helpers.swift; sourceTree = "<group>"; };
		1FB9E5D52D09BC8800128526 /* PoolsUIModel.swift */ = {isa = PBXFileReference; lastKnownFileType = sourcecode.swift; path = PoolsUIModel.swift; sourceTree = "<group>"; };
		1FB9E5D82D0AB2A400128526 /* PoolCell.swift */ = {isa = PBXFileReference; lastKnownFileType = sourcecode.swift; path = PoolCell.swift; sourceTree = "<group>"; };
		1FB9E5DA2D0AC61C00128526 /* PoolsDTOModel.swift */ = {isa = PBXFileReference; lastKnownFileType = sourcecode.swift; path = PoolsDTOModel.swift; sourceTree = "<group>"; };
		1FB9E5DC2D0AF01900128526 /* UICollectionViewCell+Extensions.swift */ = {isa = PBXFileReference; lastKnownFileType = sourcecode.swift; path = "UICollectionViewCell+Extensions.swift"; sourceTree = "<group>"; };
		1FB9E5DE2D0C392900128526 /* UILabel+Extensions.swift */ = {isa = PBXFileReference; lastKnownFileType = sourcecode.swift; path = "UILabel+Extensions.swift"; sourceTree = "<group>"; };
		1FBDD1C02CF71CA800223819 /* Cryptex.app */ = {isa = PBXFileReference; explicitFileType = wrapper.application; includeInIndex = 0; path = Cryptex.app; sourceTree = BUILT_PRODUCTS_DIR; };
		1FBDD1D82CF71CAF00223819 /* AppDelegate.swift */ = {isa = PBXFileReference; lastKnownFileType = sourcecode.swift; path = AppDelegate.swift; sourceTree = "<group>"; };
		1FBDD1D92CF71CAF00223819 /* Assets.xcassets */ = {isa = PBXFileReference; lastKnownFileType = folder.assetcatalog; path = Assets.xcassets; sourceTree = "<group>"; };
		1FBDD1DA2CF71CAF00223819 /* Info.plist */ = {isa = PBXFileReference; lastKnownFileType = text.plist.xml; path = Info.plist; sourceTree = "<group>"; };
		1FBDD1DB2CF71CAF00223819 /* Base */ = {isa = PBXFileReference; lastKnownFileType = file.storyboard; name = Base; path = Base.lproj/LaunchScreen.storyboard; sourceTree = "<group>"; };
		1FBDD1DF2CF71CAF00223819 /* SceneDelegate.swift */ = {isa = PBXFileReference; lastKnownFileType = sourcecode.swift; path = SceneDelegate.swift; sourceTree = "<group>"; };
		1FBDD1E02CF71CAF00223819 /* DeFiViewController.swift */ = {isa = PBXFileReference; lastKnownFileType = sourcecode.swift; path = DeFiViewController.swift; sourceTree = "<group>"; };
		1FBDD1F12CF71E8100223819 /* Data+Extension.swift */ = {isa = PBXFileReference; lastKnownFileType = sourcecode.swift; path = "Data+Extension.swift"; sourceTree = "<group>"; };
		1FBDD1F62CF71EE000223819 /* BaseViewController.swift */ = {isa = PBXFileReference; lastKnownFileType = sourcecode.swift; path = BaseViewController.swift; sourceTree = "<group>"; };
		1FBDD1FC2CF76BA300223819 /* geist-sans-latin-100-normal.ttf */ = {isa = PBXFileReference; lastKnownFileType = file; path = "geist-sans-latin-100-normal.ttf"; sourceTree = "<group>"; };
		1FBDD1FD2CF76BA300223819 /* geist-sans-latin-200-normal.ttf */ = {isa = PBXFileReference; lastKnownFileType = file; path = "geist-sans-latin-200-normal.ttf"; sourceTree = "<group>"; };
		1FBDD1FE2CF76BA300223819 /* geist-sans-latin-300-normal.ttf */ = {isa = PBXFileReference; lastKnownFileType = file; path = "geist-sans-latin-300-normal.ttf"; sourceTree = "<group>"; };
		1FBDD1FF2CF76BA300223819 /* geist-sans-latin-400-normal.ttf */ = {isa = PBXFileReference; lastKnownFileType = file; path = "geist-sans-latin-400-normal.ttf"; sourceTree = "<group>"; };
		1FBDD2002CF76BA300223819 /* geist-sans-latin-500-normal.ttf */ = {isa = PBXFileReference; lastKnownFileType = file; path = "geist-sans-latin-500-normal.ttf"; sourceTree = "<group>"; };
		1FBDD2012CF76BA300223819 /* geist-sans-latin-600-normal.ttf */ = {isa = PBXFileReference; lastKnownFileType = file; path = "geist-sans-latin-600-normal.ttf"; sourceTree = "<group>"; };
		1FBDD2022CF76BA300223819 /* geist-sans-latin-700-normal.ttf */ = {isa = PBXFileReference; lastKnownFileType = file; path = "geist-sans-latin-700-normal.ttf"; sourceTree = "<group>"; };
		1FBDD2032CF76BA300223819 /* geist-sans-latin-800-normal.ttf */ = {isa = PBXFileReference; lastKnownFileType = file; path = "geist-sans-latin-800-normal.ttf"; sourceTree = "<group>"; };
		1FBDD2042CF76BA300223819 /* geist-sans-latin-900-normal.ttf */ = {isa = PBXFileReference; lastKnownFileType = file; path = "geist-sans-latin-900-normal.ttf"; sourceTree = "<group>"; };
		1FBDD2192CF8903500223819 /* DeFiItemViewController.swift */ = {isa = PBXFileReference; lastKnownFileType = sourcecode.swift; path = DeFiItemViewController.swift; sourceTree = "<group>"; };
		1FBDD21B2CF894A300223819 /* DeFiViewModel.swift */ = {isa = PBXFileReference; lastKnownFileType = sourcecode.swift; path = DeFiViewModel.swift; sourceTree = "<group>"; };
/* End PBXFileReference section */

/* Begin PBXFrameworksBuildPhase section */
		1FBDD1BD2CF71CA800223819 /* Frameworks */ = {
			isa = PBXFrameworksBuildPhase;
			buildActionMask = 2147483647;
			files = (
				1F6092752D104473001CCE43 /* DGCharts in Frameworks */,
				1FBDD1FA2CF72AAB00223819 /* SDWebImage in Frameworks */,
			);
			runOnlyForDeploymentPostprocessing = 0;
		};
/* End PBXFrameworksBuildPhase section */

/* Begin PBXGroup section */
		1F4293122CF9F883000CFA9E /* Model */ = {
			isa = PBXGroup;
			children = (
				1F4293142CF9F8AA000CFA9E /* DeFiUIModel.swift */,
			);
			path = Model;
			sourceTree = "<group>";
		};
		1F4293162CF9F8F6000CFA9E /* Overview */ = {
			isa = PBXGroup;
			children = (
				1F4293172CF9F901000CFA9E /* Model */,
				1F4293182CF9F908000CFA9E /* View */,
				1F4293192CF9F90D000CFA9E /* ViewModel */,
			);
			path = Overview;
			sourceTree = "<group>";
		};
		1F4293172CF9F901000CFA9E /* Model */ = {
			isa = PBXGroup;
			children = (
			);
			path = Model;
			sourceTree = "<group>";
		};
		1F4293182CF9F908000CFA9E /* View */ = {
			isa = PBXGroup;
			children = (
				1F42931A2CF9F955000CFA9E /* OverviewViewController.swift */,
			);
			path = View;
			sourceTree = "<group>";
		};
		1F4293192CF9F90D000CFA9E /* ViewModel */ = {
			isa = PBXGroup;
			children = (
			);
			path = ViewModel;
			sourceTree = "<group>";
		};
		1F42931C2CFCC723000CFA9E /* Components */ = {
			isa = PBXGroup;
			children = (
				1F6092792D106021001CCE43 /* Chart */,
			);
			path = Components;
			sourceTree = "<group>";
		};
		1F4293272CFE1CD9000CFA9E /* Menu */ = {
			isa = PBXGroup;
			children = (
				1F4293292CFE1D12000CFA9E /* Model */,
				1F4293282CFE1D0D000CFA9E /* View */,
				1F42932B2CFE4950000CFA9E /* ViewModel */,
			);
			path = Menu;
			sourceTree = "<group>";
		};
		1F4293282CFE1D0D000CFA9E /* View */ = {
			isa = PBXGroup;
			children = (
				1F42932C2CFE4976000CFA9E /* MenuViewController.swift */,
			);
			path = View;
			sourceTree = "<group>";
		};
		1F4293292CFE1D12000CFA9E /* Model */ = {
			isa = PBXGroup;
			children = (
				1F42934B2D00D03A000CFA9E /* SocialUIModel.swift */,
				1F4293472D008DCC000CFA9E /* MenuUIModel.swift */,
			);
			path = Model;
			sourceTree = "<group>";
		};
		1F42932B2CFE4950000CFA9E /* ViewModel */ = {
			isa = PBXGroup;
			children = (
				1F4293452D008D90000CFA9E /* MenuViewModel.swift */,
			);
			path = ViewModel;
			sourceTree = "<group>";
		};
		1F42932E2CFE645E000CFA9E /* Presentation+Transition */ = {
			isa = PBXGroup;
			children = (
				1F4293502D00FA61000CFA9E /* FadeTransition.swift */,
				1F4293312CFE64A8000CFA9E /* SlideRightPresenter.swift */,
			);
			path = "Presentation+Transition";
			sourceTree = "<group>";
		};
		1F4293332D008CB4000CFA9E /* Pools */ = {
			isa = PBXGroup;
			children = (
				1F4293362D008CDB000CFA9E /* Model */,
				1F4293352D008CD6000CFA9E /* View */,
				1F4293342D008CBB000CFA9E /* ViewModel */,
			);
			path = Pools;
			sourceTree = "<group>";
		};
		1F4293342D008CBB000CFA9E /* ViewModel */ = {
			isa = PBXGroup;
			children = (
			);
			path = ViewModel;
			sourceTree = "<group>";
		};
		1F4293352D008CD6000CFA9E /* View */ = {
			isa = PBXGroup;
			children = (
				1FB9E5D72D0AB26000128526 /* PoolCell */,
				1F4293372D008CF1000CFA9E /* PoolsViewController.swift */,
			);
			path = View;
			sourceTree = "<group>";
		};
		1F4293362D008CDB000CFA9E /* Model */ = {
			isa = PBXGroup;
			children = (
				1FB9E5DA2D0AC61C00128526 /* PoolsDTOModel.swift */,
				1FB9E5D52D09BC8800128526 /* PoolsUIModel.swift */,
			);
			path = Model;
			sourceTree = "<group>";
		};
		1F4293392D008D06000CFA9E /* Tokens */ = {
			isa = PBXGroup;
			children = (
				1F42933C2D008D16000CFA9E /* Model */,
				1F42933B2D008D12000CFA9E /* View */,
				1F42933A2D008D0B000CFA9E /* ViewModel */,
			);
			path = Tokens;
			sourceTree = "<group>";
		};
		1F42933A2D008D0B000CFA9E /* ViewModel */ = {
			isa = PBXGroup;
			children = (
			);
			path = ViewModel;
			sourceTree = "<group>";
		};
		1F42933B2D008D12000CFA9E /* View */ = {
			isa = PBXGroup;
			children = (
				1F6092602D0F0C21001CCE43 /* TokenCell */,
				1F42933D2D008D23000CFA9E /* TokensViewController.swift */,
			);
			path = View;
			sourceTree = "<group>";
		};
		1F42933C2D008D16000CFA9E /* Model */ = {
			isa = PBXGroup;
			children = (
				1F60925E2D0F0589001CCE43 /* TokensUIModel.swift */,
				1F60925C2D0F0580001CCE43 /* TokensDTOModel.swift */,
			);
			path = Model;
			sourceTree = "<group>";
		};
		1F42933F2D008D2E000CFA9E /* Blockchains */ = {
			isa = PBXGroup;
			children = (
				1F4293422D008D3E000CFA9E /* Model */,
				1F4293412D008D3A000CFA9E /* View */,
				1F4293402D008D34000CFA9E /* ViewModel */,
			);
			path = Blockchains;
			sourceTree = "<group>";
		};
		1F4293402D008D34000CFA9E /* ViewModel */ = {
			isa = PBXGroup;
			children = (
			);
			path = ViewModel;
			sourceTree = "<group>";
		};
		1F4293412D008D3A000CFA9E /* View */ = {
			isa = PBXGroup;
			children = (
				1F6092672D0F13D7001CCE43 /* BlockchainCell */,
				1F4293432D008D53000CFA9E /* BlockchainsViewController.swift */,
			);
			path = View;
			sourceTree = "<group>";
		};
		1F4293422D008D3E000CFA9E /* Model */ = {
			isa = PBXGroup;
			children = (
				1F6092652D0F12C3001CCE43 /* BlockchainsUIModel.swift */,
				1F6092632D0F126D001CCE43 /* BlockchainsDTOModel.swift */,
			);
			path = Model;
			sourceTree = "<group>";
		};
		1F42934D2D00F4E9000CFA9E /* Navigation */ = {
			isa = PBXGroup;
			children = (
				1F42934E2D00F50D000CFA9E /* NavigationController.swift */,
			);
			path = Navigation;
			sourceTree = "<group>";
		};
		1F6092602D0F0C21001CCE43 /* TokenCell */ = {
			isa = PBXGroup;
			children = (
				1F6092612D0F0C2B001CCE43 /* TokenCell.swift */,
			);
			path = TokenCell;
			sourceTree = "<group>";
		};
		1F6092672D0F13D7001CCE43 /* BlockchainCell */ = {
			isa = PBXGroup;
			children = (
				1F6092682D0F13E1001CCE43 /* BlockchainCell.swift */,
			);
			path = BlockchainCell;
			sourceTree = "<group>";
		};
		1F60926A2D0F2C8C001CCE43 /* Metrics */ = {
			isa = PBXGroup;
			children = (
				1F60926B2D0F2C94001CCE43 /* Model */,
				1F60926C2D0F2C99001CCE43 /* View */,
				1F60926D2D0F2CA6001CCE43 /* ViewModel */,
			);
			path = Metrics;
			sourceTree = "<group>";
		};
		1F60926B2D0F2C94001CCE43 /* Model */ = {
			isa = PBXGroup;
			children = (
			);
			path = Model;
			sourceTree = "<group>";
		};
		1F60926C2D0F2C99001CCE43 /* View */ = {
			isa = PBXGroup;
			children = (
				1F6092762D10456B001CCE43 /* MetricsChart */,
				1F6092702D102511001CCE43 /* MetricsCard */,
				1F60926E2D0F2CC3001CCE43 /* MetricsViewController.swift */,
			);
			path = View;
			sourceTree = "<group>";
		};
		1F60926D2D0F2CA6001CCE43 /* ViewModel */ = {
			isa = PBXGroup;
			children = (
			);
			path = ViewModel;
			sourceTree = "<group>";
		};
		1F6092702D102511001CCE43 /* MetricsCard */ = {
			isa = PBXGroup;
			children = (
				1F6092712D102533001CCE43 /* MetricsCardView.swift */,
			);
			path = MetricsCard;
			sourceTree = "<group>";
		};
		1F6092762D10456B001CCE43 /* MetricsChart */ = {
			isa = PBXGroup;
			children = (
				1F6092772D10457E001CCE43 /* MetricsChart.swift */,
			);
			path = MetricsChart;
			sourceTree = "<group>";
		};
		1F6092792D106021001CCE43 /* Chart */ = {
			isa = PBXGroup;
			children = (
				1F42931D2CFCC7BD000CFA9E /* ChartMarker.swift */,
				1F60927C2D109466001CCE43 /* LineChart.swift */,
			);
			path = Chart;
			sourceTree = "<group>";
		};
		1FB9E5D02D099D2A00128526 /* Root */ = {
			isa = PBXGroup;
			children = (
				1FB9E5D12D09A29B00128526 /* View */,
			);
			path = Root;
			sourceTree = "<group>";
		};
		1FB9E5D12D09A29B00128526 /* View */ = {
			isa = PBXGroup;
			children = (
				1F4CCAF92D02A283003F9D99 /* RootViewController.swift */,
			);
			path = View;
			sourceTree = "<group>";
		};
		1FB9E5D22D09B9A700128526 /* Helpers */ = {
			isa = PBXGroup;
			children = (
				1FB9E5D32D09B9BA00128526 /* Helpers.swift */,
			);
			path = Helpers;
			sourceTree = "<group>";
		};
		1FB9E5D72D0AB26000128526 /* PoolCell */ = {
			isa = PBXGroup;
			children = (
				1FB9E5D82D0AB2A400128526 /* PoolCell.swift */,
			);
			path = PoolCell;
			sourceTree = "<group>";
		};
		1FBDD1B72CF71CA800223819 = {
			isa = PBXGroup;
			children = (
				1FBDD1E12CF71CAF00223819 /* Cryptex */,
				1FBDD1C12CF71CA800223819 /* Products */,
			);
			sourceTree = "<group>";
		};
		1FBDD1C12CF71CA800223819 /* Products */ = {
			isa = PBXGroup;
			children = (
				1FBDD1C02CF71CA800223819 /* Cryptex.app */,
			);
			name = Products;
			sourceTree = "<group>";
		};
		1FBDD1E12CF71CAF00223819 /* Cryptex */ = {
			isa = PBXGroup;
			children = (
				1FBDD1EA2CF71E0300223819 /* Application */,
				1F42934D2D00F4E9000CFA9E /* Navigation */,
				1FBDD1EB2CF71E1900223819 /* Resources */,
				1FBDD1EE2CF71E4F00223819 /* Common */,
				1FBDD20E2CF7802D00223819 /* Screens */,
			);
			path = Cryptex;
			sourceTree = "<group>";
		};
		1FBDD1EA2CF71E0300223819 /* Application */ = {
			isa = PBXGroup;
			children = (
				1FBDD1D82CF71CAF00223819 /* AppDelegate.swift */,
				1FBDD1DF2CF71CAF00223819 /* SceneDelegate.swift */,
			);
			path = Application;
			sourceTree = "<group>";
		};
		1FBDD1EB2CF71E1900223819 /* Resources */ = {
			isa = PBXGroup;
			children = (
				1FBDD1FB2CF76B2B00223819 /* Fonts */,
				1FBDD1D92CF71CAF00223819 /* Assets.xcassets */,
				1FBDD1DA2CF71CAF00223819 /* Info.plist */,
			);
			path = Resources;
			sourceTree = "<group>";
		};
		1FBDD1EE2CF71E4F00223819 /* Common */ = {
			isa = PBXGroup;
			children = (
				1F42931F2CFDA9D7000CFA9E /* AppState.swift */,
				1F42932E2CFE645E000CFA9E /* Presentation+Transition */,
				1F42931C2CFCC723000CFA9E /* Components */,
				1FBDD1F32CF71EBA00223819 /* Controllers */,
				1FBDD1F02CF71E7200223819 /* Extensions */,
				1FB9E5D22D09B9A700128526 /* Helpers */,
			);
			path = Common;
			sourceTree = "<group>";
		};
		1FBDD1F02CF71E7200223819 /* Extensions */ = {
			isa = PBXGroup;
			children = (
				1FB9E5DE2D0C392900128526 /* UILabel+Extensions.swift */,
				1FB9E5DC2D0AF01900128526 /* UICollectionViewCell+Extensions.swift */,
				1F4293492D00AFB8000CFA9E /* UIImage+Extension.swift */,
				1F4293102CF9EB4C000CFA9E /* UIView+Extension.swift */,
				1FBDD1F12CF71E8100223819 /* Data+Extension.swift */,
			);
			path = Extensions;
			sourceTree = "<group>";
		};
		1FBDD1F32CF71EBA00223819 /* Controllers */ = {
			isa = PBXGroup;
			children = (
				1FBDD1F62CF71EE000223819 /* BaseViewController.swift */,
				1F4293542D0173DB000CFA9E /* CustomTransitionViewController.swift */,
			);
			path = Controllers;
			sourceTree = "<group>";
		};
		1FBDD1FB2CF76B2B00223819 /* Fonts */ = {
			isa = PBXGroup;
			children = (
				1FBDD1FC2CF76BA300223819 /* geist-sans-latin-100-normal.ttf */,
				1FBDD1FD2CF76BA300223819 /* geist-sans-latin-200-normal.ttf */,
				1FBDD1FE2CF76BA300223819 /* geist-sans-latin-300-normal.ttf */,
				1FBDD1FF2CF76BA300223819 /* geist-sans-latin-400-normal.ttf */,
				1FBDD2002CF76BA300223819 /* geist-sans-latin-500-normal.ttf */,
				1FBDD2012CF76BA300223819 /* geist-sans-latin-600-normal.ttf */,
				1FBDD2022CF76BA300223819 /* geist-sans-latin-700-normal.ttf */,
				1FBDD2032CF76BA300223819 /* geist-sans-latin-800-normal.ttf */,
				1FBDD2042CF76BA300223819 /* geist-sans-latin-900-normal.ttf */,
			);
			path = Fonts;
			sourceTree = "<group>";
		};
		1FBDD20E2CF7802D00223819 /* Screens */ = {
			isa = PBXGroup;
			children = (
				1F60926A2D0F2C8C001CCE43 /* Metrics */,
				1F4293162CF9F8F6000CFA9E /* Overview */,
				1F4293332D008CB4000CFA9E /* Pools */,
				1F4293392D008D06000CFA9E /* Tokens */,
				1F42933F2D008D2E000CFA9E /* Blockchains */,
				1F4293272CFE1CD9000CFA9E /* Menu */,
				1FBDD2112CF7880E00223819 /* DeFi */,
				1FB9E5D02D099D2A00128526 /* Root */,
				1FBDD20F2CF7809700223819 /* Launch */,
			);
			path = Screens;
			sourceTree = "<group>";
		};
		1FBDD20F2CF7809700223819 /* Launch */ = {
			isa = PBXGroup;
			children = (
				1FBDD2102CF7825700223819 /* View */,
			);
			path = Launch;
			sourceTree = "<group>";
		};
		1FBDD2102CF7825700223819 /* View */ = {
			isa = PBXGroup;
			children = (
				1FBDD1DC2CF71CAF00223819 /* LaunchScreen.storyboard */,
			);
			path = View;
			sourceTree = "<group>";
		};
		1FBDD2112CF7880E00223819 /* DeFi */ = {
			isa = PBXGroup;
			children = (
				1F4293122CF9F883000CFA9E /* Model */,
				1FBDD2122CF7887500223819 /* View */,
				1FBDD2172CF88F6900223819 /* ViewModel */,
			);
			path = DeFi;
			sourceTree = "<group>";
		};
		1FBDD2122CF7887500223819 /* View */ = {
			isa = PBXGroup;
			children = (
				1FBDD2182CF8901700223819 /* DeFiItemView */,
				1FBDD1E02CF71CAF00223819 /* DeFiViewController.swift */,
			);
			path = View;
			sourceTree = "<group>";
		};
		1FBDD2172CF88F6900223819 /* ViewModel */ = {
			isa = PBXGroup;
			children = (
				1FBDD21B2CF894A300223819 /* DeFiViewModel.swift */,
			);
			path = ViewModel;
			sourceTree = "<group>";
		};
		1FBDD2182CF8901700223819 /* DeFiItemView */ = {
			isa = PBXGroup;
			children = (
				1FBDD2192CF8903500223819 /* DeFiItemViewController.swift */,
			);
			path = DeFiItemView;
			sourceTree = "<group>";
		};
/* End PBXGroup section */

/* Begin PBXNativeTarget section */
		1FBDD1BF2CF71CA800223819 /* Cryptex */ = {
			isa = PBXNativeTarget;
			buildConfigurationList = 1FBDD1D32CF71CA900223819 /* Build configuration list for PBXNativeTarget "Cryptex" */;
			buildPhases = (
				1FBDD1BC2CF71CA800223819 /* Sources */,
				1FBDD1BD2CF71CA800223819 /* Frameworks */,
				1FBDD1BE2CF71CA800223819 /* Resources */,
			);
			buildRules = (
			);
			dependencies = (
			);
			name = Cryptex;
			packageProductDependencies = (
				1FBDD1F92CF72AAB00223819 /* SDWebImage */,
				1F6092742D104473001CCE43 /* DGCharts */,
			);
			productName = Cryptex;
			productReference = 1FBDD1C02CF71CA800223819 /* Cryptex.app */;
			productType = "com.apple.product-type.application";
		};
/* End PBXNativeTarget section */

/* Begin PBXProject section */
		1FBDD1B82CF71CA800223819 /* Project object */ = {
			isa = PBXProject;
			attributes = {
				BuildIndependentTargetsInParallel = 1;
				LastSwiftUpdateCheck = 1610;
				LastUpgradeCheck = 1610;
				ORGANIZATIONNAME = "Nijat Hamid";
				TargetAttributes = {
					1FBDD1BF2CF71CA800223819 = {
						CreatedOnToolsVersion = 16.1;
					};
				};
			};
			buildConfigurationList = 1FBDD1BB2CF71CA800223819 /* Build configuration list for PBXProject "Cryptex" */;
			developmentRegion = en;
			hasScannedForEncodings = 0;
			knownRegions = (
				en,
				Base,
			);
			mainGroup = 1FBDD1B72CF71CA800223819;
			minimizedProjectReferenceProxies = 1;
			packageReferences = (
				1FBDD1F82CF72AAB00223819 /* XCRemoteSwiftPackageReference "SDWebImage" */,
				1F6092732D104473001CCE43 /* XCRemoteSwiftPackageReference "Charts" */,
			);
			preferredProjectObjectVersion = 77;
			productRefGroup = 1FBDD1C12CF71CA800223819 /* Products */;
			projectDirPath = "";
			projectRoot = "";
			targets = (
				1FBDD1BF2CF71CA800223819 /* Cryptex */,
			);
		};
/* End PBXProject section */

/* Begin PBXResourcesBuildPhase section */
		1FBDD1BE2CF71CA800223819 /* Resources */ = {
			isa = PBXResourcesBuildPhase;
			buildActionMask = 2147483647;
			files = (
				1FBDD1E22CF71CAF00223819 /* Assets.xcassets in Resources */,
				1FBDD1E42CF71CAF00223819 /* LaunchScreen.storyboard in Resources */,
				1FBDD2052CF76BA300223819 /* geist-sans-latin-600-normal.ttf in Resources */,
				1FBDD2062CF76BA300223819 /* geist-sans-latin-700-normal.ttf in Resources */,
				1FBDD2072CF76BA300223819 /* geist-sans-latin-500-normal.ttf in Resources */,
				1FBDD2082CF76BA300223819 /* geist-sans-latin-200-normal.ttf in Resources */,
				1FBDD2092CF76BA300223819 /* geist-sans-latin-100-normal.ttf in Resources */,
				1FBDD20A2CF76BA300223819 /* geist-sans-latin-300-normal.ttf in Resources */,
				1FBDD20B2CF76BA300223819 /* geist-sans-latin-400-normal.ttf in Resources */,
				1FBDD20C2CF76BA300223819 /* geist-sans-latin-800-normal.ttf in Resources */,
				1FBDD20D2CF76BA300223819 /* geist-sans-latin-900-normal.ttf in Resources */,
			);
			runOnlyForDeploymentPostprocessing = 0;
		};
/* End PBXResourcesBuildPhase section */

/* Begin PBXSourcesBuildPhase section */
		1FBDD1BC2CF71CA800223819 /* Sources */ = {
			isa = PBXSourcesBuildPhase;
			buildActionMask = 2147483647;
			files = (
				1FBDD21A2CF8903500223819 /* DeFiItemViewController.swift in Sources */,
				1FBDD1F72CF71EE000223819 /* BaseViewController.swift in Sources */,
				1F4293112CF9EB54000CFA9E /* UIView+Extension.swift in Sources */,
				1FB9E5DB2D0AC62200128526 /* PoolsDTOModel.swift in Sources */,
				1FB9E5DD2D0AF02000128526 /* UICollectionViewCell+Extensions.swift in Sources */,
				1F6092622D0F0C2E001CCE43 /* TokenCell.swift in Sources */,
				1F42934C2D00D03E000CFA9E /* SocialUIModel.swift in Sources */,
				1F4293442D008D53000CFA9E /* BlockchainsViewController.swift in Sources */,
				1FB9E5D42D09B9C100128526 /* Helpers.swift in Sources */,
				1F4293322CFE64AE000CFA9E /* SlideRightPresenter.swift in Sources */,
				1F4293202CFDA9D9000CFA9E /* AppState.swift in Sources */,
				1F42931E2CFCC7BD000CFA9E /* ChartMarker.swift in Sources */,
				1F42934A2D00AFC1000CFA9E /* UIImage+Extension.swift in Sources */,
				1FBDD1E62CF71CAF00223819 /* AppDelegate.swift in Sources */,
				1F6092782D10457E001CCE43 /* MetricsChart.swift in Sources */,
				1F4293552D0173DB000CFA9E /* CustomTransitionViewController.swift in Sources */,
				1F4293462D008D90000CFA9E /* MenuViewModel.swift in Sources */,
				1F6092642D0F1276001CCE43 /* BlockchainsDTOModel.swift in Sources */,
				1F42934F2D00F50D000CFA9E /* NavigationController.swift in Sources */,
				1F60926F2D0F2CC3001CCE43 /* MetricsViewController.swift in Sources */,
				1F4CCAFA2D02A283003F9D99 /* RootViewController.swift in Sources */,
				1FB9E5D92D0AB2A400128526 /* PoolCell.swift in Sources */,
				1F4293152CF9F8C3000CFA9E /* DeFiUIModel.swift in Sources */,
				1F60927D2D109466001CCE43 /* LineChart.swift in Sources */,
				1F42933E2D008D23000CFA9E /* TokensViewController.swift in Sources */,
				1FB9E5DF2D0C393200128526 /* UILabel+Extensions.swift in Sources */,
				1F6092662D0F12C8001CCE43 /* BlockchainsUIModel.swift in Sources */,
				1F4293512D00FA66000CFA9E /* FadeTransition.swift in Sources */,
				1F42932D2CFE4976000CFA9E /* MenuViewController.swift in Sources */,
				1FBDD1F22CF71E8400223819 /* Data+Extension.swift in Sources */,
				1F6092722D102533001CCE43 /* MetricsCardView.swift in Sources */,
				1F6092692D0F13E4001CCE43 /* BlockchainCell.swift in Sources */,
				1FBDD1E72CF71CAF00223819 /* SceneDelegate.swift in Sources */,
				1F4293482D008DCC000CFA9E /* MenuUIModel.swift in Sources */,
				1F60925F2D0F058C001CCE43 /* TokensUIModel.swift in Sources */,
				1F42931B2CF9F955000CFA9E /* OverviewViewController.swift in Sources */,
				1F60925D2D0F0585001CCE43 /* TokensDTOModel.swift in Sources */,
				1F4293382D008CF1000CFA9E /* PoolsViewController.swift in Sources */,
				1FBDD21C2CF894A700223819 /* DeFiViewModel.swift in Sources */,
				1FB9E5D62D09BC8E00128526 /* PoolsUIModel.swift in Sources */,
				1FBDD1E82CF71CAF00223819 /* DeFiViewController.swift in Sources */,
			);
			runOnlyForDeploymentPostprocessing = 0;
		};
/* End PBXSourcesBuildPhase section */

/* Begin PBXVariantGroup section */
		1FBDD1DC2CF71CAF00223819 /* LaunchScreen.storyboard */ = {
			isa = PBXVariantGroup;
			children = (
				1FBDD1DB2CF71CAF00223819 /* Base */,
			);
			name = LaunchScreen.storyboard;
			sourceTree = "<group>";
		};
/* End PBXVariantGroup section */

/* Begin XCBuildConfiguration section */
		1FBDD1D42CF71CA900223819 /* Debug */ = {
			isa = XCBuildConfiguration;
			buildSettings = {
				ASSETCATALOG_COMPILER_APPICON_NAME = AppIcon;
				ASSETCATALOG_COMPILER_GLOBAL_ACCENT_COLOR_NAME = AccentColor;
				ASSETCATALOG_COMPILER_INCLUDE_ALL_APPICON_ASSETS = YES;
				CODE_SIGN_STYLE = Automatic;
				CURRENT_PROJECT_VERSION = 1;
				GENERATE_INFOPLIST_FILE = YES;
				INFOPLIST_FILE = Cryptex/Resources/Info.plist;
				INFOPLIST_KEY_CFBundleDisplayName = Cryptex;
				INFOPLIST_KEY_LSApplicationCategoryType = "public.app-category.developer-tools";
				INFOPLIST_KEY_UIApplicationSupportsIndirectInputEvents = YES;
				INFOPLIST_KEY_UILaunchStoryboardName = LaunchScreen;
				INFOPLIST_KEY_UISupportedInterfaceOrientations = UIInterfaceOrientationPortrait;
				INFOPLIST_KEY_UISupportedInterfaceOrientations_iPad = "UIInterfaceOrientationLandscapeLeft UIInterfaceOrientationLandscapeRight UIInterfaceOrientationPortrait UIInterfaceOrientationPortraitUpsideDown";
				LD_RUNPATH_SEARCH_PATHS = (
					"$(inherited)",
					"@executable_path/Frameworks",
				);
				MARKETING_VERSION = 1.0;
				PRODUCT_BUNDLE_IDENTIFIER = com.nijathamid.Cryptex;
				PRODUCT_NAME = "$(TARGET_NAME)";
				SUPPORTED_PLATFORMS = "iphoneos iphonesimulator";
				SUPPORTS_MACCATALYST = NO;
				SUPPORTS_MAC_DESIGNED_FOR_IPHONE_IPAD = NO;
				SUPPORTS_XR_DESIGNED_FOR_IPHONE_IPAD = NO;
				SWIFT_EMIT_LOC_STRINGS = YES;
				SWIFT_VERSION = 5.0;
				TARGETED_DEVICE_FAMILY = 1;
			};
			name = Debug;
		};
		1FBDD1D52CF71CA900223819 /* Release */ = {
			isa = XCBuildConfiguration;
			buildSettings = {
				ASSETCATALOG_COMPILER_APPICON_NAME = AppIcon;
				ASSETCATALOG_COMPILER_GLOBAL_ACCENT_COLOR_NAME = AccentColor;
				ASSETCATALOG_COMPILER_INCLUDE_ALL_APPICON_ASSETS = YES;
				CODE_SIGN_STYLE = Automatic;
				CURRENT_PROJECT_VERSION = 1;
				GENERATE_INFOPLIST_FILE = YES;
				INFOPLIST_FILE = Cryptex/Resources/Info.plist;
				INFOPLIST_KEY_CFBundleDisplayName = Cryptex;
				INFOPLIST_KEY_LSApplicationCategoryType = "public.app-category.developer-tools";
				INFOPLIST_KEY_UIApplicationSupportsIndirectInputEvents = YES;
				INFOPLIST_KEY_UILaunchStoryboardName = LaunchScreen;
				INFOPLIST_KEY_UISupportedInterfaceOrientations = UIInterfaceOrientationPortrait;
				INFOPLIST_KEY_UISupportedInterfaceOrientations_iPad = "UIInterfaceOrientationLandscapeLeft UIInterfaceOrientationLandscapeRight UIInterfaceOrientationPortrait UIInterfaceOrientationPortraitUpsideDown";
				LD_RUNPATH_SEARCH_PATHS = (
					"$(inherited)",
					"@executable_path/Frameworks",
				);
				MARKETING_VERSION = 1.0;
				PRODUCT_BUNDLE_IDENTIFIER = com.nijathamid.Cryptex;
				PRODUCT_NAME = "$(TARGET_NAME)";
				SUPPORTED_PLATFORMS = "iphoneos iphonesimulator";
				SUPPORTS_MACCATALYST = NO;
				SUPPORTS_MAC_DESIGNED_FOR_IPHONE_IPAD = NO;
				SUPPORTS_XR_DESIGNED_FOR_IPHONE_IPAD = NO;
				SWIFT_EMIT_LOC_STRINGS = YES;
				SWIFT_VERSION = 5.0;
				TARGETED_DEVICE_FAMILY = 1;
			};
			name = Release;
		};
		1FBDD1D62CF71CA900223819 /* Debug */ = {
			isa = XCBuildConfiguration;
			buildSettings = {
				ALWAYS_SEARCH_USER_PATHS = NO;
				ASSETCATALOG_COMPILER_GENERATE_SWIFT_ASSET_SYMBOL_EXTENSIONS = YES;
				CLANG_ANALYZER_NONNULL = YES;
				CLANG_ANALYZER_NUMBER_OBJECT_CONVERSION = YES_AGGRESSIVE;
				CLANG_CXX_LANGUAGE_STANDARD = "gnu++20";
				CLANG_ENABLE_MODULES = YES;
				CLANG_ENABLE_OBJC_ARC = YES;
				CLANG_ENABLE_OBJC_WEAK = YES;
				CLANG_WARN_BLOCK_CAPTURE_AUTORELEASING = YES;
				CLANG_WARN_BOOL_CONVERSION = YES;
				CLANG_WARN_COMMA = YES;
				CLANG_WARN_CONSTANT_CONVERSION = YES;
				CLANG_WARN_DEPRECATED_OBJC_IMPLEMENTATIONS = YES;
				CLANG_WARN_DIRECT_OBJC_ISA_USAGE = YES_ERROR;
				CLANG_WARN_DOCUMENTATION_COMMENTS = YES;
				CLANG_WARN_EMPTY_BODY = YES;
				CLANG_WARN_ENUM_CONVERSION = YES;
				CLANG_WARN_INFINITE_RECURSION = YES;
				CLANG_WARN_INT_CONVERSION = YES;
				CLANG_WARN_NON_LITERAL_NULL_CONVERSION = YES;
				CLANG_WARN_OBJC_IMPLICIT_RETAIN_SELF = YES;
				CLANG_WARN_OBJC_LITERAL_CONVERSION = YES;
				CLANG_WARN_OBJC_ROOT_CLASS = YES_ERROR;
				CLANG_WARN_QUOTED_INCLUDE_IN_FRAMEWORK_HEADER = YES;
				CLANG_WARN_RANGE_LOOP_ANALYSIS = YES;
				CLANG_WARN_STRICT_PROTOTYPES = YES;
				CLANG_WARN_SUSPICIOUS_MOVE = YES;
				CLANG_WARN_UNGUARDED_AVAILABILITY = YES_AGGRESSIVE;
				CLANG_WARN_UNREACHABLE_CODE = YES;
				CLANG_WARN__DUPLICATE_METHOD_MATCH = YES;
				COPY_PHASE_STRIP = NO;
				DEBUG_INFORMATION_FORMAT = dwarf;
				ENABLE_STRICT_OBJC_MSGSEND = YES;
				ENABLE_TESTABILITY = YES;
				ENABLE_USER_SCRIPT_SANDBOXING = YES;
				GCC_C_LANGUAGE_STANDARD = gnu17;
				GCC_DYNAMIC_NO_PIC = NO;
				GCC_NO_COMMON_BLOCKS = YES;
				GCC_OPTIMIZATION_LEVEL = 0;
				GCC_PREPROCESSOR_DEFINITIONS = (
					"DEBUG=1",
					"$(inherited)",
				);
				GCC_WARN_64_TO_32_BIT_CONVERSION = YES;
				GCC_WARN_ABOUT_RETURN_TYPE = YES_ERROR;
				GCC_WARN_UNDECLARED_SELECTOR = YES;
				GCC_WARN_UNINITIALIZED_AUTOS = YES_AGGRESSIVE;
				GCC_WARN_UNUSED_FUNCTION = YES;
				GCC_WARN_UNUSED_VARIABLE = YES;
				IPHONEOS_DEPLOYMENT_TARGET = 18.1;
				LOCALIZATION_PREFERS_STRING_CATALOGS = YES;
				MTL_ENABLE_DEBUG_INFO = INCLUDE_SOURCE;
				MTL_FAST_MATH = YES;
				ONLY_ACTIVE_ARCH = YES;
				SDKROOT = iphoneos;
				SWIFT_ACTIVE_COMPILATION_CONDITIONS = "DEBUG $(inherited)";
				SWIFT_OPTIMIZATION_LEVEL = "-Onone";
			};
			name = Debug;
		};
		1FBDD1D72CF71CA900223819 /* Release */ = {
			isa = XCBuildConfiguration;
			buildSettings = {
				ALWAYS_SEARCH_USER_PATHS = NO;
				ASSETCATALOG_COMPILER_GENERATE_SWIFT_ASSET_SYMBOL_EXTENSIONS = YES;
				CLANG_ANALYZER_NONNULL = YES;
				CLANG_ANALYZER_NUMBER_OBJECT_CONVERSION = YES_AGGRESSIVE;
				CLANG_CXX_LANGUAGE_STANDARD = "gnu++20";
				CLANG_ENABLE_MODULES = YES;
				CLANG_ENABLE_OBJC_ARC = YES;
				CLANG_ENABLE_OBJC_WEAK = YES;
				CLANG_WARN_BLOCK_CAPTURE_AUTORELEASING = YES;
				CLANG_WARN_BOOL_CONVERSION = YES;
				CLANG_WARN_COMMA = YES;
				CLANG_WARN_CONSTANT_CONVERSION = YES;
				CLANG_WARN_DEPRECATED_OBJC_IMPLEMENTATIONS = YES;
				CLANG_WARN_DIRECT_OBJC_ISA_USAGE = YES_ERROR;
				CLANG_WARN_DOCUMENTATION_COMMENTS = YES;
				CLANG_WARN_EMPTY_BODY = YES;
				CLANG_WARN_ENUM_CONVERSION = YES;
				CLANG_WARN_INFINITE_RECURSION = YES;
				CLANG_WARN_INT_CONVERSION = YES;
				CLANG_WARN_NON_LITERAL_NULL_CONVERSION = YES;
				CLANG_WARN_OBJC_IMPLICIT_RETAIN_SELF = YES;
				CLANG_WARN_OBJC_LITERAL_CONVERSION = YES;
				CLANG_WARN_OBJC_ROOT_CLASS = YES_ERROR;
				CLANG_WARN_QUOTED_INCLUDE_IN_FRAMEWORK_HEADER = YES;
				CLANG_WARN_RANGE_LOOP_ANALYSIS = YES;
				CLANG_WARN_STRICT_PROTOTYPES = YES;
				CLANG_WARN_SUSPICIOUS_MOVE = YES;
				CLANG_WARN_UNGUARDED_AVAILABILITY = YES_AGGRESSIVE;
				CLANG_WARN_UNREACHABLE_CODE = YES;
				CLANG_WARN__DUPLICATE_METHOD_MATCH = YES;
				COPY_PHASE_STRIP = NO;
				DEBUG_INFORMATION_FORMAT = "dwarf-with-dsym";
				ENABLE_NS_ASSERTIONS = NO;
				ENABLE_STRICT_OBJC_MSGSEND = YES;
				ENABLE_USER_SCRIPT_SANDBOXING = YES;
				GCC_C_LANGUAGE_STANDARD = gnu17;
				GCC_NO_COMMON_BLOCKS = YES;
				GCC_WARN_64_TO_32_BIT_CONVERSION = YES;
				GCC_WARN_ABOUT_RETURN_TYPE = YES_ERROR;
				GCC_WARN_UNDECLARED_SELECTOR = YES;
				GCC_WARN_UNINITIALIZED_AUTOS = YES_AGGRESSIVE;
				GCC_WARN_UNUSED_FUNCTION = YES;
				GCC_WARN_UNUSED_VARIABLE = YES;
				IPHONEOS_DEPLOYMENT_TARGET = 18.1;
				LOCALIZATION_PREFERS_STRING_CATALOGS = YES;
				MTL_ENABLE_DEBUG_INFO = NO;
				MTL_FAST_MATH = YES;
				SDKROOT = iphoneos;
				SWIFT_COMPILATION_MODE = wholemodule;
				VALIDATE_PRODUCT = YES;
			};
			name = Release;
		};
/* End XCBuildConfiguration section */

/* Begin XCConfigurationList section */
		1FBDD1BB2CF71CA800223819 /* Build configuration list for PBXProject "Cryptex" */ = {
			isa = XCConfigurationList;
			buildConfigurations = (
				1FBDD1D62CF71CA900223819 /* Debug */,
				1FBDD1D72CF71CA900223819 /* Release */,
			);
			defaultConfigurationIsVisible = 0;
			defaultConfigurationName = Release;
		};
		1FBDD1D32CF71CA900223819 /* Build configuration list for PBXNativeTarget "Cryptex" */ = {
			isa = XCConfigurationList;
			buildConfigurations = (
				1FBDD1D42CF71CA900223819 /* Debug */,
				1FBDD1D52CF71CA900223819 /* Release */,
			);
			defaultConfigurationIsVisible = 0;
			defaultConfigurationName = Release;
		};
/* End XCConfigurationList section */

/* Begin XCRemoteSwiftPackageReference section */
		1F6092732D104473001CCE43 /* XCRemoteSwiftPackageReference "Charts" */ = {
			isa = XCRemoteSwiftPackageReference;
			repositoryURL = "https://github.com/ChartsOrg/Charts.git";
			requirement = {
				kind = upToNextMajorVersion;
				minimumVersion = 5.1.0;
			};
		};
		1FBDD1F82CF72AAB00223819 /* XCRemoteSwiftPackageReference "SDWebImage" */ = {
			isa = XCRemoteSwiftPackageReference;
			repositoryURL = "https://github.com/SDWebImage/SDWebImage.git";
			requirement = {
				kind = upToNextMajorVersion;
				minimumVersion = 5.20.0;
			};
		};
/* End XCRemoteSwiftPackageReference section */

/* Begin XCSwiftPackageProductDependency section */
		1F6092742D104473001CCE43 /* DGCharts */ = {
			isa = XCSwiftPackageProductDependency;
			package = 1F6092732D104473001CCE43 /* XCRemoteSwiftPackageReference "Charts" */;
			productName = DGCharts;
		};
		1FBDD1F92CF72AAB00223819 /* SDWebImage */ = {
			isa = XCSwiftPackageProductDependency;
			package = 1FBDD1F82CF72AAB00223819 /* XCRemoteSwiftPackageReference "SDWebImage" */;
			productName = SDWebImage;
		};
/* End XCSwiftPackageProductDependency section */
	};
	rootObject = 1FBDD1B82CF71CA800223819 /* Project object */;
}
